// !$*UTF8*$!
{
	archiveVersion = 1;
	classes = {
	};
	objectVersion = 48;
	objects = {

/* Begin PBXBuildFile section */
		2F3377A0204DDEE100341371 /* MemeStruct.swift in Sources */ = {isa = PBXBuildFile; fileRef = 2F33779F204DDEE100341371 /* MemeStruct.swift */; };
		2F3377A2204DE30400341371 /* MemeTableViewController.swift in Sources */ = {isa = PBXBuildFile; fileRef = 2F3377A1204DE30400341371 /* MemeTableViewController.swift */; };
		2F3377A4204DE33800341371 /* MemeCollectionViewController.swift in Sources */ = {isa = PBXBuildFile; fileRef = 2F3377A3204DE33800341371 /* MemeCollectionViewController.swift */; };
		2F3377A6204DE73200341371 /* MemeCollectionViewCell.swift in Sources */ = {isa = PBXBuildFile; fileRef = 2F3377A5204DE73200341371 /* MemeCollectionViewCell.swift */; };
		2F570965203732D300A80591 /* AppDelegate.swift in Sources */ = {isa = PBXBuildFile; fileRef = 2F570964203732D300A80591 /* AppDelegate.swift */; };
		2F570967203732D300A80591 /* MemeEditorViewController.swift in Sources */ = {isa = PBXBuildFile; fileRef = 2F570966203732D300A80591 /* MemeEditorViewController.swift */; };
		2F57096A203732D300A80591 /* Main.storyboard in Resources */ = {isa = PBXBuildFile; fileRef = 2F570968203732D300A80591 /* Main.storyboard */; };
		2F57096C203732D300A80591 /* Assets.xcassets in Resources */ = {isa = PBXBuildFile; fileRef = 2F57096B203732D300A80591 /* Assets.xcassets */; };
		2F57096F203732D300A80591 /* LaunchScreen.storyboard in Resources */ = {isa = PBXBuildFile; fileRef = 2F57096D203732D300A80591 /* LaunchScreen.storyboard */; };
		2F5C4892204F0C7900294C21 /* MemeTableViewCell.swift in Sources */ = {isa = PBXBuildFile; fileRef = 2F5C4891204F0C7900294C21 /* MemeTableViewCell.swift */; };
		2F8DB6AC204E8AEB001CAEDD /* MemeDetailViewController.swift in Sources */ = {isa = PBXBuildFile; fileRef = 2F8DB6AB204E8AEB001CAEDD /* MemeDetailViewController.swift */; };
/* End PBXBuildFile section */

/* Begin PBXFileReference section */
		2F33779F204DDEE100341371 /* MemeStruct.swift */ = {isa = PBXFileReference; lastKnownFileType = sourcecode.swift; path = MemeStruct.swift; sourceTree = "<group>"; };
		2F3377A1204DE30400341371 /* MemeTableViewController.swift */ = {isa = PBXFileReference; lastKnownFileType = sourcecode.swift; path = MemeTableViewController.swift; sourceTree = "<group>"; };
		2F3377A3204DE33800341371 /* MemeCollectionViewController.swift */ = {isa = PBXFileReference; lastKnownFileType = sourcecode.swift; path = MemeCollectionViewController.swift; sourceTree = "<group>"; };
		2F3377A5204DE73200341371 /* MemeCollectionViewCell.swift */ = {isa = PBXFileReference; lastKnownFileType = sourcecode.swift; path = MemeCollectionViewCell.swift; sourceTree = "<group>"; };
		2F570961203732D300A80591 /* MeMe Me.app */ = {isa = PBXFileReference; explicitFileType = wrapper.application; includeInIndex = 0; path = "MeMe Me.app"; sourceTree = BUILT_PRODUCTS_DIR; };
		2F570964203732D300A80591 /* AppDelegate.swift */ = {isa = PBXFileReference; lastKnownFileType = sourcecode.swift; path = AppDelegate.swift; sourceTree = "<group>"; };
		2F570966203732D300A80591 /* MemeEditorViewController.swift */ = {isa = PBXFileReference; lastKnownFileType = sourcecode.swift; path = MemeEditorViewController.swift; sourceTree = "<group>"; };
		2F570969203732D300A80591 /* Base */ = {isa = PBXFileReference; lastKnownFileType = file.storyboard; name = Base; path = Base.lproj/Main.storyboard; sourceTree = "<group>"; };
		2F57096B203732D300A80591 /* Assets.xcassets */ = {isa = PBXFileReference; lastKnownFileType = folder.assetcatalog; path = Assets.xcassets; sourceTree = "<group>"; };
		2F57096E203732D300A80591 /* Base */ = {isa = PBXFileReference; lastKnownFileType = file.storyboard; name = Base; path = Base.lproj/LaunchScreen.storyboard; sourceTree = "<group>"; };
		2F570970203732D300A80591 /* Info.plist */ = {isa = PBXFileReference; lastKnownFileType = text.plist.xml; path = Info.plist; sourceTree = "<group>"; };
		2F5C4891204F0C7900294C21 /* MemeTableViewCell.swift */ = {isa = PBXFileReference; lastKnownFileType = sourcecode.swift; path = MemeTableViewCell.swift; sourceTree = "<group>"; };
		2F8DB6AB204E8AEB001CAEDD /* MemeDetailViewController.swift */ = {isa = PBXFileReference; lastKnownFileType = sourcecode.swift; path = MemeDetailViewController.swift; sourceTree = "<group>"; };
/* End PBXFileReference section */

/* Begin PBXFrameworksBuildPhase section */
		2F57095E203732D300A80591 /* Frameworks */ = {
			isa = PBXFrameworksBuildPhase;
			buildActionMask = 2147483647;
			files = (
			);
			runOnlyForDeploymentPostprocessing = 0;
		};
/* End PBXFrameworksBuildPhase section */

/* Begin PBXGroup section */
		2F570958203732D300A80591 = {
			isa = PBXGroup;
			children = (
				2F570963203732D300A80591 /* MeMe Me */,
				2F570962203732D300A80591 /* Products */,
			);
			sourceTree = "<group>";
		};
		2F570962203732D300A80591 /* Products */ = {
			isa = PBXGroup;
			children = (
				2F570961203732D300A80591 /* MeMe Me.app */,
			);
			name = Products;
			sourceTree = "<group>";
		};
		2F570963203732D300A80591 /* MeMe Me */ = {
			isa = PBXGroup;
			children = (
				2F570964203732D300A80591 /* AppDelegate.swift */,
				2F570966203732D300A80591 /* MemeEditorViewController.swift */,
				2F3377A1204DE30400341371 /* MemeTableViewController.swift */,
				2F5C4891204F0C7900294C21 /* MemeTableViewCell.swift */,
				2F3377A3204DE33800341371 /* MemeCollectionViewController.swift */,
				2F3377A5204DE73200341371 /* MemeCollectionViewCell.swift */,
				2F8DB6AB204E8AEB001CAEDD /* MemeDetailViewController.swift */,
				2F33779F204DDEE100341371 /* MemeStruct.swift */,
				2F570968203732D300A80591 /* Main.storyboard */,
				2F57096B203732D300A80591 /* Assets.xcassets */,
				2F57096D203732D300A80591 /* LaunchScreen.storyboard */,
				2F570970203732D300A80591 /* Info.plist */,
			);
			path = "MeMe Me";
			sourceTree = "<group>";
		};
/* End PBXGroup section */

/* Begin PBXNativeTarget section */
		2F570960203732D300A80591 /* MeMe Me */ = {
			isa = PBXNativeTarget;
			buildConfigurationList = 2F570973203732D300A80591 /* Build configuration list for PBXNativeTarget "MeMe Me" */;
			buildPhases = (
				2F57095D203732D300A80591 /* Sources */,
				2F57095E203732D300A80591 /* Frameworks */,
				2F57095F203732D300A80591 /* Resources */,
			);
			buildRules = (
			);
			dependencies = (
			);
			name = "MeMe Me";
			productName = "MeMe Me";
			productReference = 2F570961203732D300A80591 /* MeMe Me.app */;
			productType = "com.apple.product-type.application";
		};
/* End PBXNativeTarget section */

/* Begin PBXProject section */
		2F570959203732D300A80591 /* Project object */ = {
			isa = PBXProject;
			attributes = {
				LastSwiftUpdateCheck = 0920;
				LastUpgradeCheck = 0920;
				ORGANIZATIONNAME = "RTS Production";
				TargetAttributes = {
					2F570960203732D300A80591 = {
						CreatedOnToolsVersion = 9.2;
						ProvisioningStyle = Automatic;
					};
				};
			};
			buildConfigurationList = 2F57095C203732D300A80591 /* Build configuration list for PBXProject "MeMe Me" */;
			compatibilityVersion = "Xcode 8.0";
			developmentRegion = en;
			hasScannedForEncodings = 0;
			knownRegions = (
				en,
				Base,
			);
			mainGroup = 2F570958203732D300A80591;
			productRefGroup = 2F570962203732D300A80591 /* Products */;
			projectDirPath = "";
			projectRoot = "";
			targets = (
				2F570960203732D300A80591 /* MeMe Me */,
			);
		};
/* End PBXProject section */

/* Begin PBXResourcesBuildPhase section */
		2F57095F203732D300A80591 /* Resources */ = {
			isa = PBXResourcesBuildPhase;
			buildActionMask = 2147483647;
			files = (
				2F57096F203732D300A80591 /* LaunchScreen.storyboard in Resources */,
				2F57096C203732D300A80591 /* Assets.xcassets in Resources */,
				2F57096A203732D300A80591 /* Main.storyboard in Resources */,
			);
			runOnlyForDeploymentPostprocessing = 0;
		};
/* End PBXResourcesBuildPhase section */

/* Begin PBXSourcesBuildPhase section */
		2F57095D203732D300A80591 /* Sources */ = {
			isa = PBXSourcesBuildPhase;
			buildActionMask = 2147483647;
			files = (
				2F3377A6204DE73200341371 /* MemeCollectionViewCell.swift in Sources */,
				2F5C4892204F0C7900294C21 /* MemeTableViewCell.swift in Sources */,
				2F570967203732D300A80591 /* MemeEditorViewController.swift in Sources */,
				2F3377A0204DDEE100341371 /* MemeStruct.swift in Sources */,
				2F3377A4204DE33800341371 /* MemeCollectionViewController.swift in Sources */,
				2F8DB6AC204E8AEB001CAEDD /* MemeDetailViewController.swift in Sources */,
				2F570965203732D300A80591 /* AppDelegate.swift in Sources */,
				2F3377A2204DE30400341371 /* MemeTableViewController.swift in Sources */,
			);
			runOnlyForDeploymentPostprocessing = 0;
		};
/* End PBXSourcesBuildPhase section */

/* Begin PBXVariantGroup section */
		2F570968203732D300A80591 /* Main.storyboard */ = {
			isa = PBXVariantGroup;
			children = (
				2F570969203732D300A80591 /* Base */,
			);
			name = Main.storyboard;
			sourceTree = "<group>";
		};
		2F57096D203732D300A80591 /* LaunchScreen.storyboard */ = {
			isa = PBXVariantGroup;
			children = (
				2F57096E203732D300A80591 /* Base */,
			);
			name = LaunchScreen.storyboard;
			sourceTree = "<group>";
		};
/* End PBXVariantGroup section */

/* Begin XCBuildConfiguration section */
		2F570971203732D300A80591 /* Debug */ = {
			isa = XCBuildConfiguration;
			buildSettings = {
				ALWAYS_SEARCH_USER_PATHS = NO;
				CLANG_ANALYZER_NONNULL = YES;
				CLANG_ANALYZER_NUMBER_OBJECT_CONVERSION = YES_AGGRESSIVE;
				CLANG_CXX_LANGUAGE_STANDARD = "gnu++14";
				CLANG_CXX_LIBRARY = "libc++";
				CLANG_ENABLE_MODULES = YES;
				CLANG_ENABLE_OBJC_ARC = YES;
				CLANG_WARN_BLOCK_CAPTURE_AUTORELEASING = YES;
				CLANG_WARN_BOOL_CONVERSION = YES;
				CLANG_WARN_COMMA = YES;
				CLANG_WARN_CONSTANT_CONVERSION = YES;
				CLANG_WARN_DIRECT_OBJC_ISA_USAGE = YES_ERROR;
				CLANG_WARN_DOCUMENTATION_COMMENTS = YES;
				CLANG_WARN_EMPTY_BODY = YES;
				CLANG_WARN_ENUM_CONVERSION = YES;
				CLANG_WARN_INFINITE_RECURSION = YES;
				CLANG_WARN_INT_CONVERSION = YES;
				CLANG_WARN_NON_LITERAL_NULL_CONVERSION = YES;
				CLANG_WARN_OBJC_LITERAL_CONVERSION = YES;
				CLANG_WARN_OBJC_ROOT_CLASS = YES_ERROR;
				CLANG_WARN_RANGE_LOOP_ANALYSIS = YES;
				CLANG_WARN_STRICT_PROTOTYPES = YES;
				CLANG_WARN_SUSPICIOUS_MOVE = YES;
				CLANG_WARN_UNGUARDED_AVAILABILITY = YES_AGGRESSIVE;
				CLANG_WARN_UNREACHABLE_CODE = YES;
				CLANG_WARN__DUPLICATE_METHOD_MATCH = YES;
				CODE_SIGN_IDENTITY = "iPhone Developer";
				COPY_PHASE_STRIP = NO;
				DEBUG_INFORMATION_FORMAT = dwarf;
				ENABLE_STRICT_OBJC_MSGSEND = YES;
				ENABLE_TESTABILITY = YES;
				GCC_C_LANGUAGE_STANDARD = gnu11;
				GCC_DYNAMIC_NO_PIC = NO;
				GCC_NO_COMMON_BLOCKS = YES;
				GCC_OPTIMIZATION_LEVEL = 0;
				GCC_PREPROCESSOR_DEFINITIONS = (
					"DEBUG=1",
					"$(inherited)",
				);
				GCC_WARN_64_TO_32_BIT_CONVERSION = YES;
				GCC_WARN_ABOUT_RETURN_TYPE = YES_ERROR;
				GCC_WARN_UNDECLARED_SELECTOR = YES;
				GCC_WARN_UNINITIALIZED_AUTOS = YES_AGGRESSIVE;
				GCC_WARN_UNUSED_FUNCTION = YES;
				GCC_WARN_UNUSED_VARIABLE = YES;
				IPHONEOS_DEPLOYMENT_TARGET = 11.2;
				MTL_ENABLE_DEBUG_INFO = YES;
				ONLY_ACTIVE_ARCH = YES;
				SDKROOT = iphoneos;
				SWIFT_ACTIVE_COMPILATION_CONDITIONS = DEBUG;
				SWIFT_OPTIMIZATION_LEVEL = "-Onone";
			};
			name = Debug;
		};
		2F570972203732D300A80591 /* Release */ = {
			isa = XCBuildConfiguration;
			buildSettings = {
				ALWAYS_SEARCH_USER_PATHS = NO;
				CLANG_ANALYZER_NONNULL = YES;
				CLANG_ANALYZER_NUMBER_OBJECT_CONVERSION = YES_AGGRESSIVE;
				CLANG_CXX_LANGUAGE_STANDARD = "gnu++14";
				CLANG_CXX_LIBRARY = "libc++";
				CLANG_ENABLE_MODULES = YES;
				CLANG_ENABLE_OBJC_ARC = YES;
				CLANG_WARN_BLOCK_CAPTURE_AUTORELEASING = YES;
				CLANG_WARN_BOOL_CONVERSION = YES;
				CLANG_WARN_COMMA = YES;
				CLANG_WARN_CONSTANT_CONVERSION = YES;
				CLANG_WARN_DIRECT_OBJC_ISA_USAGE = YES_ERROR;
				CLANG_WARN_DOCUMENTATION_COMMENTS = YES;
				CLANG_WARN_EMPTY_BODY = YES;
				CLANG_WARN_ENUM_CONVERSION = YES;
				CLANG_WARN_INFINITE_RECURSION = YES;
				CLANG_WARN_INT_CONVERSION = YES;
				CLANG_WARN_NON_LITERAL_NULL_CONVERSION = YES;
				CLANG_WARN_OBJC_LITERAL_CONVERSION = YES;
				CLANG_WARN_OBJC_ROOT_CLASS = YES_ERROR;
				CLANG_WARN_RANGE_LOOP_ANALYSIS = YES;
				CLANG_WARN_STRICT_PROTOTYPES = YES;
				CLANG_WARN_SUSPICIOUS_MOVE = YES;
				CLANG_WARN_UNGUARDED_AVAILABILITY = YES_AGGRESSIVE;
				CLANG_WARN_UNREACHABLE_CODE = YES;
				CLANG_WARN__DUPLICATE_METHOD_MATCH = YES;
				CODE_SIGN_IDENTITY = "iPhone Developer";
				COPY_PHASE_STRIP = NO;
				DEBUG_INFORMATION_FORMAT = "dwarf-with-dsym";
				ENABLE_NS_ASSERTIONS = NO;
				ENABLE_STRICT_OBJC_MSGSEND = YES;
				GCC_C_LANGUAGE_STANDARD = gnu11;
				GCC_NO_COMMON_BLOCKS = YES;
				GCC_WARN_64_TO_32_BIT_CONVERSION = YES;
				GCC_WARN_ABOUT_RETURN_TYPE = YES_ERROR;
				GCC_WARN_UNDECLARED_SELECTOR = YES;
				GCC_WARN_UNINITIALIZED_AUTOS = YES_AGGRESSIVE;
				GCC_WARN_UNUSED_FUNCTION = YES;
				GCC_WARN_UNUSED_VARIABLE = YES;
				IPHONEOS_DEPLOYMENT_TARGET = 11.2;
				MTL_ENABLE_DEBUG_INFO = NO;
				SDKROOT = iphoneos;
				SWIFT_OPTIMIZATION_LEVEL = "-Owholemodule";
				VALIDATE_PRODUCT = YES;
			};
			name = Release;
		};
		2F570974203732D300A80591 /* Debug */ = {
			isa = XCBuildConfiguration;
			buildSettings = {
				ASSETCATALOG_COMPILER_APPICON_NAME = AppIcon;
				CODE_SIGN_STYLE = Automatic;
				DEVELOPMENT_TEAM = Q69U7M76JU;
				INFOPLIST_FILE = "MeMe Me/Info.plist";
				LD_RUNPATH_SEARCH_PATHS = "$(inherited) @executable_path/Frameworks";
				PRODUCT_BUNDLE_IDENTIFIER = "rts.MeMe-Me2.0";
				PRODUCT_NAME = "$(TARGET_NAME)";
				SWIFT_VERSION = 4.0;
				TARGETED_DEVICE_FAMILY = "1,2";
			};
			name = Debug;
		};
		2F570975203732D300A80591 /* Release */ = {
			isa = XCBuildConfiguration;
			buildSettings = {
				ASSETCATALOG_COMPILER_APPICON_NAME = AppIcon;
				CODE_SIGN_STYLE = Automatic;
				DEVELOPMENT_TEAM = Q69U7M76JU;
				INFOPLIST_FILE = "MeMe Me/Info.plist";
				LD_RUNPATH_SEARCH_PATHS = "$(inherited) @executable_path/Frameworks";
				PRODUCT_BUNDLE_IDENTIFIER = "rts.MeMe-Me2.0";
				PRODUCT_NAME = "$(TARGET_NAME)";
				SWIFT_VERSION = 4.0;
				TARGETED_DEVICE_FAMILY = "1,2";
			};
			name = Release;
		};
/* End XCBuildConfiguration section */

/* Begin XCConfigurationList section */
		2F57095C203732D300A80591 /* Build configuration list for PBXProject "MeMe Me" */ = {
			isa = XCConfigurationList;
			buildConfigurations = (
				2F570971203732D300A80591 /* Debug */,
				2F570972203732D300A80591 /* Release */,
			);
			defaultConfigurationIsVisible = 0;
			defaultConfigurationName = Release;
		};
		2F570973203732D300A80591 /* Build configuration list for PBXNativeTarget "MeMe Me" */ = {
			isa = XCConfigurationList;
			buildConfigurations = (
				2F570974203732D300A80591 /* Debug */,
				2F570975203732D300A80591 /* Release */,
			);
			defaultConfigurationIsVisible = 0;
			defaultConfigurationName = Release;
		};
/* End XCConfigurationList section */
	};
	rootObject = 2F570959203732D300A80591 /* Project object */;
}
